{
  "name": "chaman-portfolio",
  "version": "1.0.0",
  "lockfileVersion": 3,
  "requires": true,
  "packages": {
    "": {
      "name": "chaman-portfolio",
      "version": "1.0.0",
      "dependencies": {
        "@tsparticles/react": "^4.2.1",
        "@tsparticles/slim": "^4.2.1",
        "framer-motion": "^12.41.0",
        "next": "14.2.5",
        "react": "18.3.1",
        "react-dom": "18.3.1"
      },
      "devDependencies": {
        "@types/node": "20.14.10",
        "@types/react": "18.3.3",
        "@types/react-dom": "18.3.0",
        "typescript": "5.5.3"
      }
    },
    "node_modules/@next/env": {
      "version": "14.2.5",
      "resolved": "https://registry.npmjs.org/@next/env/-/env-14.2.5.tgz",
      "integrity": "sha512-/zZGkrTOsraVfYjGP8uM0p6r0BDT6xWpkjdVbcz66PJVSpwXX3yNiRycxAuDfBKGWBrZBXRuK/YVlkNgxHGwmA==",
      "license": "MIT"
    },
    "node_modules/@next/swc-darwin-arm64": {
      "version": "14.2.5",
      "resolved": "https://registry.npmjs.org/@next/swc-darwin-arm64/-/swc-darwin-arm64-14.2.5.tgz",
      "integrity": "sha512-/9zVxJ+K9lrzSGli1///ujyRfon/ZneeZ+v4ptpiPoOU+GKZnm8Wj8ELWU1Pm7GHltYRBklmXMTUqM/DqQ99FQ==",
      "cpu": [
        "arm64"
      ],
      "license": "MIT",
      "optional": true,
      "os": [
        "darwin"
      ],
      "engines": {
        "node": ">= 10"
      }
    },
    "node_modules/@next/swc-darwin-x64": {
      "version": "14.2.5",
      "resolved": "https://registry.npmjs.org/@next/swc-darwin-x64/-/swc-darwin-x64-14.2.5.tgz",
      "integrity": "sha512-vXHOPCwfDe9qLDuq7U1OYM2wUY+KQ4Ex6ozwsKxp26BlJ6XXbHleOUldenM67JRyBfVjv371oneEvYd3H2gNSA==",
      "cpu": [
        "x64"
      ],
      "license": "MIT",
      "optional": true,
      "os": [
        "darwin"
      ],
      "engines": {
        "node": ">= 10"
      }
    },
    "node_modules/@next/swc-linux-arm64-gnu": {
      "version": "14.2.5",
      "resolved": "https://registry.npmjs.org/@next/swc-linux-arm64-gnu/-/swc-linux-arm64-gnu-14.2.5.tgz",
      "integrity": "sha512-vlhB8wI+lj8q1ExFW8lbWutA4M2ZazQNvMWuEDqZcuJJc78iUnLdPPunBPX8rC4IgT6lIx/adB+Cwrl99MzNaA==",
      "cpu": [
        "arm64"
      ],
      "libc": [
        "glibc"
      ],
      "license": "MIT",
      "optional": true,
      "os": [
        "linux"
      ],
      "engines": {
        "node": ">= 10"
      }
    },
    "node_modules/@next/swc-linux-arm64-musl": {
      "version": "14.2.5",
      "resolved": "https://registry.npmjs.org/@next/swc-linux-arm64-musl/-/swc-linux-arm64-musl-14.2.5.tgz",
      "integrity": "sha512-NpDB9NUR2t0hXzJJwQSGu1IAOYybsfeB+LxpGsXrRIb7QOrYmidJz3shzY8cM6+rO4Aojuef0N/PEaX18pi9OA==",
      "cpu": [
        "arm64"
      ],
      "libc": [
        "musl"
      ],
      "license": "MIT",
      "optional": true,
      "os": [
        "linux"
      ],
      "engines": {
        "node": ">= 10"
      }
    },
    "node_modules/@next/swc-linux-x64-gnu": {
      "version": "14.2.5",
      "resolved": "https://registry.npmjs.org/@next/swc-linux-x64-gnu/-/swc-linux-x64-gnu-14.2.5.tgz",
      "integrity": "sha512-8XFikMSxWleYNryWIjiCX+gU201YS+erTUidKdyOVYi5qUQo/gRxv/3N1oZFCgqpesN6FPeqGM72Zve+nReVXQ==",
      "cpu": [
        "x64"
      ],
      "libc": [
        "glibc"
      ],
      "license": "MIT",
      "optional": true,
      "os": [
        "linux"
      ],
      "engines": {
        "node": ">= 10"
      }
    },
    "node_modules/@next/swc-linux-x64-musl": {
      "version": "14.2.5",
      "resolved": "https://registry.npmjs.org/@next/swc-linux-x64-musl/-/swc-linux-x64-musl-14.2.5.tgz",
      "integrity": "sha512-6QLwi7RaYiQDcRDSU/os40r5o06b5ue7Jsk5JgdRBGGp8l37RZEh9JsLSM8QF0YDsgcosSeHjglgqi25+m04IQ==",
      "cpu": [
        "x64"
      ],
      "libc": [
        "musl"
      ],
      "license": "MIT",
      "optional": true,
      "os": [
        "linux"
      ],
      "engines": {
        "node": ">= 10"
      }
    },
    "node_modules/@next/swc-win32-arm64-msvc": {
      "version": "14.2.5",
      "resolved": "https://registry.npmjs.org/@next/swc-win32-arm64-msvc/-/swc-win32-arm64-msvc-14.2.5.tgz",
      "integrity": "sha512-1GpG2VhbspO+aYoMOQPQiqc/tG3LzmsdBH0LhnDS3JrtDx2QmzXe0B6mSZZiN3Bq7IOMXxv1nlsjzoS1+9mzZw==",
      "cpu": [
        "arm64"
      ],
      "license": "MIT",
      "optional": true,
      "os": [
        "win32"
      ],
      "engines": {
        "node": ">= 10"
      }
    },
    "node_modules/@next/swc-win32-ia32-msvc": {
      "version": "14.2.5",
      "resolved": "https://registry.npmjs.org/@next/swc-win32-ia32-msvc/-/swc-win32-ia32-msvc-14.2.5.tgz",
      "integrity": "sha512-Igh9ZlxwvCDsu6438FXlQTHlRno4gFpJzqPjSIBZooD22tKeI4fE/YMRoHVJHmrQ2P5YL1DoZ0qaOKkbeFWeMg==",
      "cpu": [
        "ia32"
      ],
      "license": "MIT",
      "optional": true,
      "os": [
        "win32"
      ],
      "engines": {
        "node": ">= 10"
      }
    },
    "node_modules/@next/swc-win32-x64-msvc": {
      "version": "14.2.5",
      "resolved": "https://registry.npmjs.org/@next/swc-win32-x64-msvc/-/swc-win32-x64-msvc-14.2.5.tgz",
      "integrity": "sha512-tEQ7oinq1/CjSG9uSTerca3v4AZ+dFa+4Yu6ihaG8Ud8ddqLQgFGcnwYls13H5X5CPDPZJdYxyeMui6muOLd4g==",
      "cpu": [
        "x64"
      ],
      "license": "MIT",
      "optional": true,
      "os": [
        "win32"
      ],
      "engines": {
        "node": ">= 10"
      }
    },
    "node_modules/@swc/counter": {
      "version": "0.1.3",
      "resolved": "https://registry.npmjs.org/@swc/counter/-/counter-0.1.3.tgz",
      "integrity": "sha512-e2BR4lsJkkRlKZ/qCHPw9ZaSxc0MVUd7gtbtaB7aMvHeJVYe8sOB8DBZkP2DtISHGSku9sCK6T6cnY0CtXrOCQ==",
      "license": "Apache-2.0"
    },
    "node_modules/@swc/helpers": {
      "version": "0.5.5",
      "resolved": "https://registry.npmjs.org/@swc/helpers/-/helpers-0.5.5.tgz",
      "integrity": "sha512-KGYxvIOXcceOAbEk4bi/dVLEK9z8sZ0uBB3Il5b1rhfClSpcX0yfRO0KmTkqR2cnQDymwLB+25ZyMzICg/cm/A==",
      "license": "Apache-2.0",
      "dependencies": {
        "@swc/counter": "^0.1.3",
        "tslib": "^2.4.0"
      }
    },
    "node_modules/@tsparticles/animation-utils": {
      "version": "4.2.1",
      "resolved": "https://registry.npmjs.org/@tsparticles/animation-utils/-/animation-utils-4.2.1.tgz",
      "integrity": "sha512-7y2d7Q0lFo2qzst3Pz7mxp4bJUVwX/n3uMpHjGtn4jzY5wHGl/mb+uD2+Ed8Z8D0LlQ4SyB64BEH5K6W9jgVnw==",
      "funding": [
        {
          "type": "github",
          "url": "https://github.com/sponsors/matteobruni"
        },
        {
          "type": "github",
          "url": "https://github.com/sponsors/tsparticles"
        },
        {
          "type": "buymeacoffee",
          "url": "https://www.buymeacoffee.com/matteobruni"
        }
      ],
      "license": "MIT",
      "peerDependencies": {
        "@tsparticles/engine": "4.2.1"
      }
    },
    "node_modules/@tsparticles/basic": {
      "version": "4.2.1",
      "resolved": "https://registry.npmjs.org/@tsparticles/basic/-/basic-4.2.1.tgz",
      "integrity": "sha512-AP6bKrO4wLUBh9+SHUZwzb1OKHBKW/E6UMVaGtA2MuMR3X3q0V3SkI0rzprhvGIJ3wiCfTgwD4n0suovN1qzGQ==",
      "funding": [
        {
          "type": "github",
          "url": "https://github.com/sponsors/matteobruni"
        },
        {
          "type": "github",
          "url": "https://github.com/sponsors/tsparticles"
        },
        {
          "type": "buymeacoffee",
          "url": "https://www.buymeacoffee.com/matteobruni"
        }
      ],
      "license": "MIT",
      "dependencies": {
        "@tsparticles/engine": "4.2.1",
        "@tsparticles/plugin-blend": "4.2.1",
        "@tsparticles/plugin-hex-color": "4.2.1",
        "@tsparticles/plugin-hsl-color": "4.2.1",
        "@tsparticles/plugin-move": "4.2.1",
        "@tsparticles/plugin-rgb-color": "4.2.1",
        "@tsparticles/shape-circle": "4.2.1",
        "@tsparticles/updater-opacity": "4.2.1",
        "@tsparticles/updater-out-modes": "4.2.1",
        "@tsparticles/updater-paint": "4.2.1",
        "@tsparticles/updater-size": "4.2.1"
      }
    },
    "node_modules/@tsparticles/canvas-utils": {
      "version": "4.2.1",
      "resolved": "https://registry.npmjs.org/@tsparticles/canvas-utils/-/canvas-utils-4.2.1.tgz",
      "integrity": "sha512-M/8wtupDKid9Hr7OQYOBJFodLPJeCk1BRz4GuTDsf1CnXw3TQwEHcE70NGJfwjWzodwM4ilIF2/aXOcqu4kSXQ==",
      "funding": [
        {
          "type": "github",
          "url": "https://github.com/sponsors/matteobruni"
        },
        {
          "type": "github",
          "url": "https://github.com/sponsors/tsparticles"
        },
        {
          "type": "buymeacoffee",
          "url": "https://www.buymeacoffee.com/matteobruni"
        }
      ],
      "license": "MIT",
      "peerDependencies": {
        "@tsparticles/engine": "4.2.1"
      }
    },
    "node_modules/@tsparticles/engine": {
      "version": "4.2.1",
      "resolved": "https://registry.npmjs.org/@tsparticles/engine/-/engine-4.2.1.tgz",
      "integrity": "sha512-OXNAG4MxgIaLQ6rzXdfmLRLAv7V0pHdh+yfHOSNQDYw4eCqT4vjh9ZAMJaogagU9Pd4xTLq9BjVsZNyjUh4KqA==",
      "funding": [
        {
          "type": "github",
          "url": "https://github.com/sponsors/matteobruni"
        },
        {
          "type": "github",
          "url": "https://github.com/sponsors/tsparticles"
        },
        {
          "type": "buymeacoffee",
          "url": "https://www.buymeacoffee.com/matteobruni"
        }
      ],
      "hasInstallScript": true,
      "license": "MIT"
    },
    "node_modules/@tsparticles/interaction-external-attract": {
      "version": "4.2.1",
      "resolved": "https://registry.npmjs.org/@tsparticles/interaction-external-attract/-/interaction-external-attract-4.2.1.tgz",
      "integrity": "sha512-PDG20KoCM5gP3jWPv1DprvckyvK0t8H+1578aE5N+0jhNU9M60e4mMPM8PeHdxnfOyywb/YLTxCN7n1x0ApT8g==",
      "license": "MIT",
      "peerDependencies": {
        "@tsparticles/engine": "4.2.1",
        "@tsparticles/plugin-interactivity": "4.2.1"
      }
    },
    "node_modules/@tsparticles/interaction-external-bounce": {
      "version": "4.2.1",
      "resolved": "https://registry.npmjs.org/@tsparticles/interaction-external-bounce/-/interaction-external-bounce-4.2.1.tgz",
      "integrity": "sha512-CnsjL0rTlqva48PxtpoYtucXsWQ1l6QHyuojWFwJNV8lIMogsgANv0HPFPEg2CG6sFIfACQ0LulauFkpock1XA==",
      "license": "MIT",
      "peerDependencies": {
        "@tsparticles/engine": "4.2.1",
        "@tsparticles/plugin-interactivity": "4.2.1"
      }
    },
    "node_modules/@tsparticles/interaction-external-bubble": {
      "version": "4.2.1",
      "resolved": "https://registry.npmjs.org/@tsparticles/interaction-external-bubble/-/interaction-external-bubble-4.2.1.tgz",
      "integrity": "sha512-iOmcQxqriaOTXMxVaoGGVPa0BAYiEh+K6h4knQO4TklyigdF8XT6Lfqsar6BmbtACoxIqXmEHWSXkHrCQFG52A==",
      "license": "MIT",
      "peerDependencies": {
        "@tsparticles/engine": "4.2.1",
        "@tsparticles/plugin-interactivity": "4.2.1"
      }
    },
    "node_modules/@tsparticles/interaction-external-connect": {
      "version": "4.2.1",
      "resolved": "https://registry.npmjs.org/@tsparticles/interaction-external-connect/-/interaction-external-connect-4.2.1.tgz",
      "integrity": "sha512-OjKPwjHO73JD4fkYvB92/M8hJiIcPQtwRtVxAxbiXzrkXmPaTRcJiPHIrpHwEQzPRS6p1ksA30QNSMaS077c+g==",
      "license": "MIT",
      "dependencies": {
        "@tsparticles/canvas-utils": "4.2.1"
      },
      "peerDependencies": {
        "@tsparticles/engine": "4.2.1",
        "@tsparticles/plugin-interactivity": "4.2.1"
      }
    },
    "node_modules/@tsparticles/interaction-external-destroy": {
      "version": "4.2.1",
      "resolved": "https://registry.npmjs.org/@tsparticles/interaction-external-destroy/-/interaction-external-destroy-4.2.1.tgz",
      "integrity": "sha512-D5bvmPGLkNOtBTMiOLIeVpa7/WeZAWU/l4QptdlmzNi//D3qnyyedVHORtR5hi7M+/+iC8zYAEFp4LIRUXdQwA==",
      "license": "MIT",
      "peerDependencies": {
        "@tsparticles/engine": "4.2.1",
        "@tsparticles/plugin-interactivity": "4.2.1"
      }
    },
    "node_modules/@tsparticles/interaction-external-grab": {
      "version": "4.2.1",
      "resolved": "https://registry.npmjs.org/@tsparticles/interaction-external-grab/-/interaction-external-grab-4.2.1.tgz",
      "integrity": "sha512-owRj+F2AafC7OAJlJZOwvllRnckKxnhCgecn6Ob+P9hbLnM02hy7Lyn1J10JG2ogxp074dD6x3QZVQUWpsN5vg==",
      "license": "MIT",
      "dependencies": {
        "@tsparticles/canvas-utils": "4.2.1"
      },
      "peerDependencies": {
        "@tsparticles/engine": "4.2.1",
        "@tsparticles/plugin-interactivity": "4.2.1"
      }
    },
    "node_modules/@tsparticles/interaction-external-parallax": {
      "version": "4.2.1",
      "resolved": "https://registry.npmjs.org/@tsparticles/interaction-external-parallax/-/interaction-external-parallax-4.2.1.tgz",
      "integrity": "sha512-ZSedWBHcB8N6YzVb0Up44QFlUPUPL5v0ZAJPJKCavDfKxYANmpbgMW9rVK0tFvL4fsyYExNBinLd6a/0CcqZNQ==",
      "license": "MIT",
      "peerDependencies": {
        "@tsparticles/engine": "4.2.1",
        "@tsparticles/plugin-interactivity": "4.2.1"
      }
    },
    "node_modules/@tsparticles/interaction-external-pause": {
      "version": "4.2.1",
      "resolved": "https://registry.npmjs.org/@tsparticles/interaction-external-pause/-/interaction-external-pause-4.2.1.tgz",
      "integrity": "sha512-PaXPOc5MgOIP728t+hAO+USp5lHWGWPdmiMPIcp/tk3peYGqwAh4sXMT+LW2xAEizR4SB1I6hnb9dnlIl8Gc8Q==",
      "license": "MIT",
      "peerDependencies": {
        "@tsparticles/engine": "4.2.1",
        "@tsparticles/plugin-interactivity": "4.2.1"
      }
    },
    "node_modules/@tsparticles/interaction-external-push": {
      "version": "4.2.1",
      "resolved": "https://registry.npmjs.org/@tsparticles/interaction-external-push/-/interaction-external-push-4.2.1.tgz",
      "integrity": "sha512-iF2nZRX6nzOsxdb8mkSKIyzVoH3Rv6TNUmxS/2Ginj/RRlQxUuQyFZajzqmzxLInf/JfuB6lf3hBMcT5IBmOPA==",
      "license": "MIT",
      "peerDependencies": {
        "@tsparticles/engine": "4.2.1",
        "@tsparticles/plugin-interactivity": "4.2.1"
      }
    },
    "node_modules/@tsparticles/interaction-external-remove": {
      "version": "4.2.1",
      "resolved": "https://registry.npmjs.org/@tsparticles/interaction-external-remove/-/interaction-external-remove-4.2.1.tgz",
      "integrity": "sha512-Qnm3CrX9sztb89Y0QelsN+DeOakDGnbJXOQ65Od1VJYmHTHe4wZrWucPwOmcSlCTBYFGSGJD7IhhKMvoZhVFdw==",
      "license": "MIT",
      "peerDependencies": {
        "@tsparticles/engine": "4.2.1",
        "@tsparticles/plugin-interactivity": "4.2.1"
      }
    },
    "node_modules/@tsparticles/interaction-external-repulse": {
      "version": "4.2.1",
      "resolved": "https://registry.npmjs.org/@tsparticles/interaction-external-repulse/-/interaction-external-repulse-4.2.1.tgz",
      "integrity": "sha512-N625guWkZYys3kqtzLd9oV8L2Caw+Pl6sX8whb5RfajjjWJN8ZOSV+OwsZCl2L4hv1ufzLu+HCBVexqBJwN6gg==",
      "license": "MIT",
      "peerDependencies": {
        "@tsparticles/engine": "4.2.1",
        "@tsparticles/plugin-interactivity": "4.2.1"
      }
    },
    "node_modules/@tsparticles/interaction-external-slow": {
      "version": "4.2.1",
      "resolved": "https://registry.npmjs.org/@tsparticles/interaction-external-slow/-/interaction-external-slow-4.2.1.tgz",
      "integrity": "sha512-bAcWHdgKzJ6T0MYixgCM00aWj+961eNGPECt0gMmY5kSt8sKWJJoKSSRawiHn8ucb5mY7hC1h5WmkHF0dzHGRA==",
      "license": "MIT",
      "peerDependencies": {
        "@tsparticles/engine": "4.2.1",
        "@tsparticles/plugin-interactivity": "4.2.1"
      }
    },
    "node_modules/@tsparticles/interaction-particles-attract": {
      "version": "4.2.1",
      "resolved": "https://registry.npmjs.org/@tsparticles/interaction-particles-attract/-/interaction-particles-attract-4.2.1.tgz",
      "integrity": "sha512-H9J0NDjcohg3bYBvnXzG952bvUyv+gibQ/Z9eNIiORX+BiRvNFhLmcxfZDiOxEOPvjfn3NuJU38PWJjBSN4+bQ==",
      "license": "MIT",
      "peerDependencies": {
        "@tsparticles/engine": "4.2.1",
        "@tsparticles/plugin-interactivity": "4.2.1"
      }
    },
    "node_modules/@tsparticles/interaction-particles-collisions": {
      "version": "4.2.1",
      "resolved": "https://registry.npmjs.org/@tsparticles/interaction-particles-collisions/-/interaction-particles-collisions-4.2.1.tgz",
      "integrity": "sha512-RA5I5rQZk/ynwpdcQ51D5aHVy8QKlA4eQySJ4VnNpSnkr/HT+M9SzQhBCHemy1vbv+lWNQmcx1ocBtP2bZjh0A==",
      "license": "MIT",
      "peerDependencies": {
        "@tsparticles/engine": "4.2.1",
        "@tsparticles/plugin-interactivity": "4.2.1"
      }
    },
    "node_modules/@tsparticles/interaction-particles-links": {
      "version": "4.2.1",
      "resolved": "https://registry.npmjs.org/@tsparticles/interaction-particles-links/-/interaction-particles-links-4.2.1.tgz",
      "integrity": "sha512-7cQBlfJJxRNWXl+uWxy1rMMjn1/PZL1Yjaj3//JPRnOQ0gZ9ud0pBvsVTCnYxSw8dq7Rqtzk74vruZuV+ZE6Hg==",
      "license": "MIT",
      "dependencies": {
        "@tsparticles/canvas-utils": "4.2.1"
      },
      "peerDependencies": {
        "@tsparticles/engine": "4.2.1",
        "@tsparticles/plugin-interactivity": "4.2.1"
      }
    },
    "node_modules/@tsparticles/plugin-blend": {
      "version": "4.2.1",
      "resolved": "https://registry.npmjs.org/@tsparticles/plugin-blend/-/plugin-blend-4.2.1.tgz",
      "integrity": "sha512-XFLyXGqvacqSlifkczHspiWUglpTnhVOp6oztA7zN0tt5YUG8q9fB1r5378mm4NmgRyyoiWrqix6S21P5azS5g==",
      "license": "MIT",
      "peerDependencies": {
        "@tsparticles/engine": "4.2.1"
      }
    },
    "node_modules/@tsparticles/plugin-easing-quad": {
      "version": "4.2.1",
      "resolved": "https://registry.npmjs.org/@tsparticles/plugin-easing-quad/-/plugin-easing-quad-4.2.1.tgz",
      "integrity": "sha512-TsIQgXP0oW5mi6URfOMMJzrwlmTK0n3+CM5ds27UQHufyFneFv0k69aqtjhA4c40urnefL9yF26vDe84stqIPg==",
      "funding": [
        {
          "type": "github",
          "url": "https://github.com/sponsors/matteobruni"
        },
        {
          "type": "github",
          "url": "https://github.com/sponsors/tsparticles"
        },
        {
          "type": "buymeacoffee",
          "url": "https://www.buymeacoffee.com/matteobruni"
        }
      ],
      "license": "MIT",
      "peerDependencies": {
        "@tsparticles/engine": "4.2.1"
      }
    },
    "node_modules/@tsparticles/plugin-hex-color": {
      "version": "4.2.1",
      "resolved": "https://registry.npmjs.org/@tsparticles/plugin-hex-color/-/plugin-hex-color-4.2.1.tgz",
      "integrity": "sha512-ryfduhYaH6eZ457axO7dZaGoyW2T/+AadeIhURHP9LvhBlpHpATaWKYowMSsq1+j6qq4hq5wNkE2UX1Xpe2elw==",
      "funding": [
        {
          "type": "github",
          "url": "https://github.com/sponsors/matteobruni"
        },
        {
          "type": "github",
          "url": "https://github.com/sponsors/tsparticles"
        },
        {
          "type": "buymeacoffee",
          "url": "https://www.buymeacoffee.com/matteobruni"
        }
      ],
      "license": "MIT",
      "peerDependencies": {
        "@tsparticles/engine": "4.2.1"
      }
    },
    "node_modules/@tsparticles/plugin-hsl-color": {
      "version": "4.2.1",
      "resolved": "https://registry.npmjs.org/@tsparticles/plugin-hsl-color/-/plugin-hsl-color-4.2.1.tgz",
      "integrity": "sha512-TAcoPnQE2Gacdv79J90t+Z1QDxtpBuVNBDwsVuNl/MbsVsrqyXHnOoIqmpZcpbEbryKk1bwP7pyxE32ASnB+FQ==",
      "funding": [
        {
          "type": "github",
          "url": "https://github.com/sponsors/matteobruni"
        },
        {
          "type": "github",
          "url": "https://github.com/sponsors/tsparticles"
        },
        {
          "type": "buymeacoffee",
          "url": "https://www.buymeacoffee.com/matteobruni"
        }
      ],
      "license": "MIT",
      "peerDependencies": {
        "@tsparticles/engine": "4.2.1"
      }
    },
    "node_modules/@tsparticles/plugin-interactivity": {
      "version": "4.2.1",
      "resolved": "https://registry.npmjs.org/@tsparticles/plugin-interactivity/-/plugin-interactivity-4.2.1.tgz",
      "integrity": "sha512-1mCvc/OOKNpqE1IOzOgalT27HrZQgMs2bUHs0D9IRPvqejEP675BWfQA6AMRbVZX2CuIAMh+YUa2WcVYlDSuvA==",
      "license": "MIT",
      "peerDependencies": {
        "@tsparticles/engine": "4.2.1"
      }
    },
    "node_modules/@tsparticles/plugin-move": {
      "version": "4.2.1",
      "resolved": "https://registry.npmjs.org/@tsparticles/plugin-move/-/plugin-move-4.2.1.tgz",
      "integrity": "sha512-Ds7aAB1d0zEAC+LLQc1SVHuGsGVAH9ber4EmfByDD/hQrwcdPMA1CSHgGuk+mcyXqz7+VJGi4O2QM7YTAYFLnQ==",
      "license": "MIT",
      "peerDependencies": {
        "@tsparticles/engine": "4.2.1"
      }
    },
    "node_modules/@tsparticles/plugin-rgb-color": {
      "version": "4.2.1",
      "resolved": "https://registry.npmjs.org/@tsparticles/plugin-rgb-color/-/plugin-rgb-color-4.2.1.tgz",
      "integrity": "sha512-qoS/4H4/SfwbWkfXI2J172R4AHhia8C6fgvIa6THEaakKH0KlAwfJf6pTz0P8STSHCbOvBfbJ59SqRD+4rshHQ==",
      "funding": [
        {
          "type": "github",
          "url": "https://github.com/sponsors/matteobruni"
        },
        {
          "type": "github",
          "url": "https://github.com/sponsors/tsparticles"
        },
        {
          "type": "buymeacoffee",
          "url": "https://www.buymeacoffee.com/matteobruni"
        }
      ],
      "license": "MIT",
      "peerDependencies": {
        "@tsparticles/engine": "4.2.1"
      }
    },
    "node_modules/@tsparticles/react": {
      "version": "4.2.1",
      "resolved": "https://registry.npmjs.org/@tsparticles/react/-/react-4.2.1.tgz",
      "integrity": "sha512-NbbXBYPKIQcgpwn3ZFbkI5HR1y/d9AFgctq2SmhNwc+D2IwEbV/RHsDut5utz+cfI3y1Ep6lZ4MwdiTr+LXebA==",
      "license": "MIT",
      "peerDependencies": {
        "@tsparticles/engine": "4.2.1",
        "react": ">=16.8.0",
        "react-dom": ">=16.8.0"
      }
    },
    "node_modules/@tsparticles/shape-circle": {
      "version": "4.2.1",
      "resolved": "https://registry.npmjs.org/@tsparticles/shape-circle/-/shape-circle-4.2.1.tgz",
      "integrity": "sha512-Vid0Ts+edAFWuUmywJQR076wiRGVmbj2cVp47aMu2jHsgETgUgpn+eHuJ4CHedhaDwWACoS1vU+YN9m3r5r3Zg==",
      "license": "MIT",
      "peerDependencies": {
        "@tsparticles/engine": "4.2.1"
      }
    },
    "node_modules/@tsparticles/shape-emoji": {
      "version": "4.2.1",
      "resolved": "https://registry.npmjs.org/@tsparticles/shape-emoji/-/shape-emoji-4.2.1.tgz",
      "integrity": "sha512-HhSRTbhLxA4Kt2vMvTo5DCzxz4t7gC3cdVdv1YbltN2XM1c+B4HbxWddYUwLhYYL/tB6+GdLPXGb8rbUJO/l/w==",
      "license": "MIT",
      "dependencies": {
        "@tsparticles/canvas-utils": "4.2.1"
      },
      "peerDependencies": {
        "@tsparticles/engine": "4.2.1"
      }
    },
    "node_modules/@tsparticles/shape-image": {
      "version": "4.2.1",
      "resolved": "https://registry.npmjs.org/@tsparticles/shape-image/-/shape-image-4.2.1.tgz",
      "integrity": "sha512-BVfdnh5Mj1iSLSEuzYtaunCdnK/TtIsS5GTuKAmJpj2YLyjYYSMghvJ9DNcWCOcbmfwcIw6n8k2hE/kKZR/Viw==",
      "license": "MIT",
      "peerDependencies": {
        "@tsparticles/engine": "4.2.1"
      }
    },
    "node_modules/@tsparticles/shape-line": {
      "version": "4.2.1",
      "resolved": "https://registry.npmjs.org/@tsparticles/shape-line/-/shape-line-4.2.1.tgz",
      "integrity": "sha512-JmL1azNfu3FTKdGchtezNzNXnFDvRV9L0eEbWBJ+R5SFxIYOfU8WwMQCb9mUt02aymHe6tt+Ws/Ta4PaMhYvrA==",
      "license": "MIT",
      "peerDependencies": {
        "@tsparticles/engine": "4.2.1"
      }
    },
    "node_modules/@tsparticles/shape-polygon": {
      "version": "4.2.1",
      "resolved": "https://registry.npmjs.org/@tsparticles/shape-polygon/-/shape-polygon-4.2.1.tgz",
      "integrity": "sha512-UBRZDnIA1pugLlzxa8jCi5vwNsVg5cizNZUpT0xWUKMYxedki1J8UxQgv9GkDy8RHXhBvcRddB9IKCwkFulbrA==",
      "license": "MIT",
      "peerDependencies": {
        "@tsparticles/engine": "4.2.1"
      }
    },
    "node_modules/@tsparticles/shape-square": {
      "version": "4.2.1",
      "resolved": "https://registry.npmjs.org/@tsparticles/shape-square/-/shape-square-4.2.1.tgz",
      "integrity": "sha512-6DW+GcK5gX+xvSQhLiG+D7oVzf8BHfFKqJi04Zfw4YFjBHDIn+EfekbdZeHzsPghCgDVXM03RS0exxatIuqogw==",
      "license": "MIT",
      "peerDependencies": {
        "@tsparticles/engine": "4.2.1"
      }
    },
    "node_modules/@tsparticles/shape-star": {
      "version": "4.2.1",
      "resolved": "https://registry.npmjs.org/@tsparticles/shape-star/-/shape-star-4.2.1.tgz",
      "integrity": "sha512-gVmM3PegkI5BPMBFmzdmxbR4w+CE1MvXM4f56OlXGJGLP722BFdc7W+waXwZIIHqRkccNNOiAyHyv41rF3A/1Q==",
      "license": "MIT",
      "peerDependencies": {
        "@tsparticles/engine": "4.2.1"
      }
    },
    "node_modules/@tsparticles/slim": {
      "version": "4.2.1",
      "resolved": "https://registry.npmjs.org/@tsparticles/slim/-/slim-4.2.1.tgz",
      "integrity": "sha512-pwbfInQqdXkNaQMmDXU3nPukh9KL5yJ2hWHqtPSAqFH5AlGweLCoGhTrJRPFa0jQGM3vZR4MVWj2tf1NNQYmNQ==",
      "funding": [
        {
          "type": "github",
          "url": "https://github.com/sponsors/matteobruni"
        },
        {
          "type": "github",
          "url": "https://github.com/sponsors/tsparticles"
        },
        {
          "type": "buymeacoffee",
          "url": "https://www.buymeacoffee.com/matteobruni"
        }
      ],
      "license": "MIT",
      "dependencies": {
        "@tsparticles/basic": "4.2.1",
        "@tsparticles/engine": "4.2.1",
        "@tsparticles/interaction-external-attract": "4.2.1",
        "@tsparticles/interaction-external-bounce": "4.2.1",
        "@tsparticles/interaction-external-bubble": "4.2.1",
        "@tsparticles/interaction-external-connect": "4.2.1",
        "@tsparticles/interaction-external-destroy": "4.2.1",
        "@tsparticles/interaction-external-grab": "4.2.1",
        "@tsparticles/interaction-external-parallax": "4.2.1",
        "@tsparticles/interaction-external-pause": "4.2.1",
        "@tsparticles/interaction-external-push": "4.2.1",
        "@tsparticles/interaction-external-remove": "4.2.1",
        "@tsparticles/interaction-external-repulse": "4.2.1",
        "@tsparticles/interaction-external-slow": "4.2.1",
        "@tsparticles/interaction-particles-attract": "4.2.1",
        "@tsparticles/interaction-particles-collisions": "4.2.1",
        "@tsparticles/interaction-particles-links": "4.2.1",
        "@tsparticles/plugin-easing-quad": "4.2.1",
        "@tsparticles/plugin-interactivity": "4.2.1",
        "@tsparticles/shape-emoji": "4.2.1",
        "@tsparticles/shape-image": "4.2.1",
        "@tsparticles/shape-line": "4.2.1",
        "@tsparticles/shape-polygon": "4.2.1",
        "@tsparticles/shape-square": "4.2.1",
        "@tsparticles/shape-star": "4.2.1",
        "@tsparticles/updater-life": "4.2.1",
        "@tsparticles/updater-paint": "4.2.1",
        "@tsparticles/updater-rotate": "4.2.1"
      }
    },
    "node_modules/@tsparticles/updater-life": {
      "version": "4.2.1",
      "resolved": "https://registry.npmjs.org/@tsparticles/updater-life/-/updater-life-4.2.1.tgz",
      "integrity": "sha512-PvV90nBKVv09XD70qllVslqMLPnVYCk6EQ/kWSdAJLNyDej7NmEhzpizWPE5mmk7+vYpfW2P5FpwW6g2NrGFpg==",
      "license": "MIT",
      "peerDependencies": {
        "@tsparticles/engine": "4.2.1"
      }
    },
    "node_modules/@tsparticles/updater-opacity": {
      "version": "4.2.1",
      "resolved": "https://registry.npmjs.org/@tsparticles/updater-opacity/-/updater-opacity-4.2.1.tgz",
      "integrity": "sha512-Iq0F7CbrRFeTyjxZfrGQDP1XvMowK5P3N11iwUyaMZ+3gq54ORuN07Y7CvRLY2b6PQn/3OoMIVWb3jBzBrr69A==",
      "license": "MIT",
      "dependencies": {
        "@tsparticles/animation-utils": "4.2.1"
      },
      "peerDependencies": {
        "@tsparticles/engine": "4.2.1"
      }
    },
    "node_modules/@tsparticles/updater-out-modes": {
      "version": "4.2.1",
      "resolved": "https://registry.npmjs.org/@tsparticles/updater-out-modes/-/updater-out-modes-4.2.1.tgz",
      "integrity": "sha512-zvpzLc7PUITEboYaSwDhrJEYiGrkSINeHTbbjq+P5SUEi7i+HCWvBSMIeYEjYW0nQX+ur0c66XZWzMddeyuUQA==",
      "license": "MIT",
      "peerDependencies": {
        "@tsparticles/engine": "4.2.1"
      }
    },
    "node_modules/@tsparticles/updater-paint": {
      "version": "4.2.1",
      "resolved": "https://registry.npmjs.org/@tsparticles/updater-paint/-/updater-paint-4.2.1.tgz",
      "integrity": "sha512-ECUMKcCTfewqC2RiOR3JAkmiuNDRihb4KCqxg84y44mE7ynA6RixQwmhwW6stP1TbNQ+qCpynohQ8ffvFBS6cA==",
      "license": "MIT",
      "peerDependencies": {
        "@tsparticles/engine": "4.2.1"
      }
    },
    "node_modules/@tsparticles/updater-rotate": {
      "version": "4.2.1",
      "resolved": "https://registry.npmjs.org/@tsparticles/updater-rotate/-/updater-rotate-4.2.1.tgz",
      "integrity": "sha512-lfQU2DEmo57fWDX+5WVBknP8VoLWZSECd00Unvf0cwydF6CaK/03ERKYw9CyIySYACObDmLRoFKzWmndxtIZlA==",
      "license": "MIT",
      "dependencies": {
        "@tsparticles/animation-utils": "4.2.1"
      },
      "peerDependencies": {
        "@tsparticles/engine": "4.2.1"
      }
    },
    "node_modules/@tsparticles/updater-size": {
      "version": "4.2.1",
      "resolved": "https://registry.npmjs.org/@tsparticles/updater-size/-/updater-size-4.2.1.tgz",
      "integrity": "sha512-qZnD8PLO5TqOHx16Xg7niGnj3IIyqV3fX/NJY3N3lDt9TBc73B8RMBV57vo/G70JH5KBXnEO+7iQZywAJtH5BQ==",
      "license": "MIT",
      "dependencies": {
        "@tsparticles/animation-utils": "4.2.1"
      },
      "peerDependencies": {
        "@tsparticles/engine": "4.2.1"
      }
    },
    "node_modules/@types/node": {
      "version": "20.14.10",
      "resolved": "https://registry.npmjs.org/@types/node/-/node-20.14.10.tgz",
      "integrity": "sha512-MdiXf+nDuMvY0gJKxyfZ7/6UFsETO7mGKF54MVD/ekJS6HdFtpZFBgrh6Pseu64XTb2MLyFPlbW6hj8HYRQNOQ==",
      "dev": true,
      "license": "MIT",
      "dependencies": {
        "undici-types": "~5.26.4"
      }
    },
    "node_modules/@types/prop-types": {
      "version": "15.7.15",
      "resolved": "https://registry.npmjs.org/@types/prop-types/-/prop-types-15.7.15.tgz",
      "integrity": "sha512-F6bEyamV9jKGAFBEmlQnesRPGOQqS2+Uwi0Em15xenOxHaf2hv6L8YCVn3rPdPJOiJfPiCnLIRyvwVaqMY3MIw==",
      "dev": true,
      "license": "MIT"
    },
    "node_modules/@types/react": {
      "version": "18.3.3",
      "resolved": "https://registry.npmjs.org/@types/react/-/react-18.3.3.tgz",
      "integrity": "sha512-hti/R0pS0q1/xx+TsI73XIqk26eBsISZ2R0wUijXIngRK9R/e7Xw/cXVxQK7R5JjW+SV4zGcn5hXjudkN/pLIw==",
      "dev": true,
      "license": "MIT",
      "dependencies": {
        "@types/prop-types": "*",
        "csstype": "^3.0.2"
      }
    },
    "node_modules/@types/react-dom": {
      "version": "18.3.0",
      "resolved": "https://registry.npmjs.org/@types/react-dom/-/react-dom-18.3.0.tgz",
      "integrity": "sha512-EhwApuTmMBmXuFOikhQLIBUn6uFg81SwLMOAUgodJF14SOBOCMdU04gDoYi0WOJJHD144TL32z4yDqCW3dnkQg==",
      "dev": true,
      "license": "MIT",
      "dependencies": {
        "@types/react": "*"
      }
    },
    "node_modules/busboy": {
      "version": "1.6.0",
      "resolved": "https://registry.npmjs.org/busboy/-/busboy-1.6.0.tgz",
      "integrity": "sha512-8SFQbg/0hQ9xy3UNTB0YEnsNBbWfhf7RtnzpL7TkBiTBRfrQ9Fxcnz7VJsleJpyp6rVLvXiuORqjlHi5q+PYuA==",
      "dependencies": {
        "streamsearch": "^1.1.0"
      },
      "engines": {
        "node": ">=10.16.0"
      }
    },
    "node_modules/caniuse-lite": {
      "version": "1.0.30001799",
      "resolved": "https://registry.npmjs.org/caniuse-lite/-/caniuse-lite-1.0.30001799.tgz",
      "integrity": "sha512-hG1bReV+OUU+MOqK4t/ZWI0tZOyz3rqS9XuhOUz1cIcbwBKjOyJEJuw9ER5JuNyqxNk8u/JUVbGibBOL1yrjFw==",
      "funding": [
        {
          "type": "opencollective",
          "url": "https://opencollective.com/browserslist"
        },
        {
          "type": "tidelift",
          "url": "https://tidelift.com/funding/github/npm/caniuse-lite"
        },
        {
          "type": "github",
          "url": "https://github.com/sponsors/ai"
        }
      ],
      "license": "CC-BY-4.0"
    },
    "node_modules/client-only": {
      "version": "0.0.1",
      "resolved": "https://registry.npmjs.org/client-only/-/client-only-0.0.1.tgz",
      "integrity": "sha512-IV3Ou0jSMzZrd3pZ48nLkT9DA7Ag1pnPzaiQhpW7c3RbcqqzvzzVu+L8gfqMp/8IM2MQtSiqaCxrrcfu8I8rMA==",
      "license": "MIT"
    },
    "node_modules/csstype": {
      "version": "3.2.3",
      "resolved": "https://registry.npmjs.org/csstype/-/csstype-3.2.3.tgz",
      "integrity": "sha512-z1HGKcYy2xA8AGQfwrn0PAy+PB7X/GSj3UVJW9qKyn43xWa+gl5nXmU4qqLMRzWVLFC8KusUX8T/0kCiOYpAIQ==",
      "dev": true,
      "license": "MIT"
    },
    "node_modules/framer-motion": {
      "version": "12.41.0",
      "resolved": "https://registry.npmjs.org/framer-motion/-/framer-motion-12.41.0.tgz",
      "integrity": "sha512-OHAMNiCEON1RDBlRGuulsN5AD8ptMjvk5QWfFmYmBLPZ3zFGIJe60kQucQQf4cez1OzQmjYBWDY+dYfISkUdqg==",
      "license": "MIT",
      "dependencies": {
        "motion-dom": "^12.41.0",
        "motion-utils": "^12.39.0",
        "tslib": "^2.4.0"
      },
      "peerDependencies": {
        "@emotion/is-prop-valid": "*",
        "react": "^18.0.0 || ^19.0.0",
        "react-dom": "^18.0.0 || ^19.0.0"
      },
      "peerDependenciesMeta": {
        "@emotion/is-prop-valid": {
          "optional": true
        },
        "react": {
          "optional": true
        },
        "react-dom": {
          "optional": true
        }
      }
    },
    "node_modules/graceful-fs": {
      "version": "4.2.11",
      "resolved": "https://registry.npmjs.org/graceful-fs/-/graceful-fs-4.2.11.tgz",
      "integrity": "sha512-RbJ5/jmFcNNCcDV5o9eTnBLJ/HszWV0P73bc+Ff4nS/rJj+YaS6IGyiOL0VoBYX+l1Wrl3k63h/KrH+nhJ0XvQ==",
      "license": "ISC"
    },
    "node_modules/js-tokens": {
      "version": "4.0.0",
      "resolved": "https://registry.npmjs.org/js-tokens/-/js-tokens-4.0.0.tgz",
      "integrity": "sha512-RdJUflcE3cUzKiMqQgsCu06FPu9UdIJO0beYbPhHN4k6apgJtifcoCtT9bcxOpYBtpD2kCM6Sbzg4CausW/PKQ==",
      "license": "MIT"
    },
    "node_modules/loose-envify": {
      "version": "1.4.0",
      "resolved": "https://registry.npmjs.org/loose-envify/-/loose-envify-1.4.0.tgz",
      "integrity": "sha512-lyuxPGr/Wfhrlem2CL/UcnUc1zcqKAImBDzukY7Y5F/yQiNdko6+fRLevlw1HgMySw7f611UIY408EtxRSoK3Q==",
      "license": "MIT",
      "dependencies": {
        "js-tokens": "^3.0.0 || ^4.0.0"
      },
      "bin": {
        "loose-envify": "cli.js"
      }
    },
    "node_modules/motion-dom": {
      "version": "12.41.0",
      "resolved": "https://registry.npmjs.org/motion-dom/-/motion-dom-12.41.0.tgz",
      "integrity": "sha512-Lk3J39fOGg6xNr1KRZsN6usDyBf8aP7MEbUPez1VCughHt79OrP7VGqNrPyFL0riaT7WS8t9DRw1M3BHtM/xKw==",
      "license": "MIT",
      "dependencies": {
        "motion-utils": "^12.39.0"
      }
    },
    "node_modules/motion-utils": {
      "version": "12.39.0",
      "resolved": "https://registry.npmjs.org/motion-utils/-/motion-utils-12.39.0.tgz",
      "integrity": "sha512-8nadJAJjTtqRkmRF36FoJTrywK9nnFmnPwnSMyxaOCU7GDjN9RTMJIxx9De8ErM+vpPhMccr/6fo5WciyQLnMQ==",
      "license": "MIT"
    },
    "node_modules/nanoid": {
      "version": "3.3.13",
      "resolved": "https://registry.npmjs.org/nanoid/-/nanoid-3.3.13.tgz",
      "integrity": "sha512-sPdqC6ByMVVGvF1ynvvMo0/o+oD1VX7DaHhijt1bFgjvBkHBib4t49GoNDhf2NDta4oeUNlaGbSt5K7qjZ955Q==",
      "funding": [
        {
          "type": "github",
          "url": "https://github.com/sponsors/ai"
        }
      ],
      "license": "MIT",
      "bin": {
        "nanoid": "bin/nanoid.cjs"
      },
      "engines": {
        "node": "^10 || ^12 || ^13.7 || ^14 || >=15.0.1"
      }
    },
    "node_modules/next": {
      "version": "14.2.5",
      "resolved": "https://registry.npmjs.org/next/-/next-14.2.5.tgz",
      "integrity": "sha512-0f8aRfBVL+mpzfBjYfQuLWh2WyAwtJXCRfkPF4UJ5qd2YwrHczsrSzXU4tRMV0OAxR8ZJZWPFn6uhSC56UTsLA==",
      "deprecated": "This version has a security vulnerability. Please upgrade to a patched version. See https://nextjs.org/blog/security-update-2025-12-11 for more details.",
      "license": "MIT",
      "dependencies": {
        "@next/env": "14.2.5",
        "@swc/helpers": "0.5.5",
        "busboy": "1.6.0",
        "caniuse-lite": "^1.0.30001579",
        "graceful-fs": "^4.2.11",
        "postcss": "8.4.31",
        "styled-jsx": "5.1.1"
      },
      "bin": {
        "next": "dist/bin/next"
      },
      "engines": {
        "node": ">=18.17.0"
      },
      "optionalDependencies": {
        "@next/swc-darwin-arm64": "14.2.5",
        "@next/swc-darwin-x64": "14.2.5",
        "@next/swc-linux-arm64-gnu": "14.2.5",
        "@next/swc-linux-arm64-musl": "14.2.5",
        "@next/swc-linux-x64-gnu": "14.2.5",
        "@next/swc-linux-x64-musl": "14.2.5",
        "@next/swc-win32-arm64-msvc": "14.2.5",
        "@next/swc-win32-ia32-msvc": "14.2.5",
        "@next/swc-win32-x64-msvc": "14.2.5"
      },
      "peerDependencies": {
        "@opentelemetry/api": "^1.1.0",
        "@playwright/test": "^1.41.2",
        "react": "^18.2.0",
        "react-dom": "^18.2.0",
        "sass": "^1.3.0"
      },
      "peerDependenciesMeta": {
        "@opentelemetry/api": {
          "optional": true
        },
        "@playwright/test": {
          "optional": true
        },
        "sass": {
          "optional": true
        }
      }
    },
    "node_modules/picocolors": {
      "version": "1.1.1",
      "resolved": "https://registry.npmjs.org/picocolors/-/picocolors-1.1.1.tgz",
      "integrity": "sha512-xceH2snhtb5M9liqDsmEw56le376mTZkEX/jEb/RxNFyegNul7eNslCXP9FDj/Lcu0X8KEyMceP2ntpaHrDEVA==",
      "license": "ISC"
    },
    "node_modules/postcss": {
      "version": "8.4.31",
      "resolved": "https://registry.npmjs.org/postcss/-/postcss-8.4.31.tgz",
      "integrity": "sha512-PS08Iboia9mts/2ygV3eLpY5ghnUcfLV/EXTOW1E2qYxJKGGBUtNjN76FYHnMs36RmARn41bC0AZmn+rR0OVpQ==",
      "funding": [
        {
          "type": "opencollective",
          "url": "https://opencollective.com/postcss/"
        },
        {
          "type": "tidelift",
          "url": "https://tidelift.com/funding/github/npm/postcss"
        },
        {
          "type": "github",
          "url": "https://github.com/sponsors/ai"
        }
      ],
      "license": "MIT",
      "dependencies": {
        "nanoid": "^3.3.6",
        "picocolors": "^1.0.0",
        "source-map-js": "^1.0.2"
      },
      "engines": {
        "node": "^10 || ^12 || >=14"
      }
    },
    "node_modules/react": {
      "version": "18.3.1",
      "resolved": "https://registry.npmjs.org/react/-/react-18.3.1.tgz",
      "integrity": "sha512-wS+hAgJShR0KhEvPJArfuPVN1+Hz1t0Y6n5jLrGQbkb4urgPE/0Rve+1kMB1v/oWgHgm4WIcV+i7F2pTVj+2iQ==",
      "license": "MIT",
      "dependencies": {
        "loose-envify": "^1.1.0"
      },
      "engines": {
        "node": ">=0.10.0"
      }
    },
    "node_modules/react-dom": {
      "version": "18.3.1",
      "resolved": "https://registry.npmjs.org/react-dom/-/react-dom-18.3.1.tgz",
      "integrity": "sha512-5m4nQKp+rZRb09LNH59GM4BxTh9251/ylbKIbpe7TpGxfJ+9kv6BLkLBXIjjspbgbnIBNqlI23tRnTWT0snUIw==",
      "license": "MIT",
      "dependencies": {
        "loose-envify": "^1.1.0",
        "scheduler": "^0.23.2"
      },
      "peerDependencies": {
        "react": "^18.3.1"
      }
    },
    "node_modules/scheduler": {
      "version": "0.23.2",
      "resolved": "https://registry.npmjs.org/scheduler/-/scheduler-0.23.2.tgz",
      "integrity": "sha512-UOShsPwz7NrMUqhR6t0hWjFduvOzbtv7toDH1/hIrfRNIDBnnBWd0CwJTGvTpngVlmwGCdP9/Zl/tVrDqcuYzQ==",
      "license": "MIT",
      "dependencies": {
        "loose-envify": "^1.1.0"
      }
    },
    "node_modules/source-map-js": {
      "version": "1.2.1",
      "resolved": "https://registry.npmjs.org/source-map-js/-/source-map-js-1.2.1.tgz",
      "integrity": "sha512-UXWMKhLOwVKb728IUtQPXxfYU+usdybtUrK/8uGE8CQMvrhOpwvzDBwj0QhSL7MQc7vIsISBG8VQ8+IDQxpfQA==",
      "license": "BSD-3-Clause",
      "engines": {
        "node": ">=0.10.0"
      }
    },
    "node_modules/streamsearch": {
      "version": "1.1.0",
      "resolved": "https://registry.npmjs.org/streamsearch/-/streamsearch-1.1.0.tgz",
      "integrity": "sha512-Mcc5wHehp9aXz1ax6bZUyY5afg9u2rv5cqQI3mRrYkGC8rW2hM02jWuwjtL++LS5qinSyhj2QfLyNsuc+VsExg==",
      "engines": {
        "node": ">=10.0.0"
      }
    },
    "node_modules/styled-jsx": {
      "version": "5.1.1",
      "resolved": "https://registry.npmjs.org/styled-jsx/-/styled-jsx-5.1.1.tgz",
      "integrity": "sha512-pW7uC1l4mBZ8ugbiZrcIsiIvVx1UmTfw7UkC3Um2tmfUq9Bhk8IiyEIPl6F8agHgjzku6j0xQEZbfA5uSgSaCw==",
      "license": "MIT",
      "dependencies": {
        "client-only": "0.0.1"
      },
      "engines": {
        "node": ">= 12.0.0"
      },
      "peerDependencies": {
        "react": ">= 16.8.0 || 17.x.x || ^18.0.0-0"
      },
      "peerDependenciesMeta": {
        "@babel/core": {
          "optional": true
        },
        "babel-plugin-macros": {
          "optional": true
        }
      }
    },
    "node_modules/tslib": {
      "version": "2.8.1",
      "resolved": "https://registry.npmjs.org/tslib/-/tslib-2.8.1.tgz",
      "integrity": "sha512-oJFu94HQb+KVduSUQL7wnpmqnfmLsOA/nAh6b6EH0wCEoK0/mPeXU6c3wKDV83MkOuHPRHtSXKKU99IBazS/2w==",
      "license": "0BSD"
    },
    "node_modules/typescript": {
      "version": "5.5.3",
      "resolved": "https://registry.npmjs.org/typescript/-/typescript-5.5.3.tgz",
      "integrity": "sha512-/hreyEujaB0w76zKo6717l3L0o/qEUtRgdvUBvlkhoWeOVMjMuHNHk0BRBzikzuGDqNmPQbg5ifMEqsHLiIUcQ==",
      "dev": true,
      "license": "Apache-2.0",
      "bin": {
        "tsc": "bin/tsc",
        "tsserver": "bin/tsserver"
      },
      "engines": {
        "node": ">=14.17"
      }
    },
    "node_modules/undici-types": {
      "version": "5.26.5",
      "resolved": "https://registry.npmjs.org/undici-types/-/undici-types-5.26.5.tgz",
      "integrity": "sha512-JlCMO+ehdEIKqlFxk6IfVoAUVmgz7cU7zD/h9XZ0qzeosSHmUJVOzSQvvYSYWXkFXC+IfLKSIffhv0sVZup6pA==",
      "dev": true,
      "license": "MIT"
    }
  }
}
